// !$*UTF8*$!
{
	archiveVersion = 1;
	classes = {
	};
	objectVersion = 46;
	objects = {

/* Begin PBXBuildFile section */
		AEAB52CE1B90E2E70088F2CE /* AppDelegate.swift in Sources */ = {isa = PBXBuildFile; fileRef = AEAB52CD1B90E2E70088F2CE /* AppDelegate.swift */; };
		AEAB52D11B90E2E70088F2CE /* Road.xcdatamodeld in Sources */ = {isa = PBXBuildFile; fileRef = AEAB52CF1B90E2E70088F2CE /* Road.xcdatamodeld */; };
		AEAB52D31B90E2E70088F2CE /* ViewController.swift in Sources */ = {isa = PBXBuildFile; fileRef = AEAB52D21B90E2E70088F2CE /* ViewController.swift */; };
		AEAB52D81B90E2E70088F2CE /* Images.xcassets in Resources */ = {isa = PBXBuildFile; fileRef = AEAB52D71B90E2E70088F2CE /* Images.xcassets */; };
		AEAB52DB1B90E2E70088F2CE /* LaunchScreen.xib in Resources */ = {isa = PBXBuildFile; fileRef = AEAB52D91B90E2E70088F2CE /* LaunchScreen.xib */; };
		AEAB52E71B90E2E70088F2CE /* RoadTests.swift in Sources */ = {isa = PBXBuildFile; fileRef = AEAB52E61B90E2E70088F2CE /* RoadTests.swift */; };
/* End PBXBuildFile section */

/* Begin PBXContainerItemProxy section */
		AEAB52E11B90E2E70088F2CE /* PBXContainerItemProxy */ = {
			isa = PBXContainerItemProxy;
			containerPortal = AEAB52C01B90E2E70088F2CE /* Project object */;
			proxyType = 1;
			remoteGlobalIDString = AEAB52C71B90E2E70088F2CE;
			remoteInfo = Road;
		};
/* End PBXContainerItemProxy section */

/* Begin PBXFileReference section */
		AEAB52C81B90E2E70088F2CE /* Road.app */ = {isa = PBXFileReference; explicitFileType = wrapper.application; includeInIndex = 0; path = Road.app; sourceTree = BUILT_PRODUCTS_DIR; };
		AEAB52CC1B90E2E70088F2CE /* Info.plist */ = {isa = PBXFileReference; lastKnownFileType = text.plist.xml; path = Info.plist; sourceTree = "<group>"; };
		AEAB52CD1B90E2E70088F2CE /* AppDelegate.swift */ = {isa = PBXFileReference; lastKnownFileType = sourcecode.swift; path = AppDelegate.swift; sourceTree = "<group>"; };
		AEAB52D01B90E2E70088F2CE /* Road.xcdatamodel */ = {isa = PBXFileReference; lastKnownFileType = wrapper.xcdatamodel; path = Road.xcdatamodel; sourceTree = "<group>"; };
		AEAB52D21B90E2E70088F2CE /* ViewController.swift */ = {isa = PBXFileReference; lastKnownFileType = sourcecode.swift; path = ViewController.swift; sourceTree = "<group>"; };
		AEAB52D71B90E2E70088F2CE /* Images.xcassets */ = {isa = PBXFileReference; lastKnownFileType = folder.assetcatalog; path = Images.xcassets; sourceTree = "<group>"; };
		AEAB52DA1B90E2E70088F2CE /* Base */ = {isa = PBXFileReference; lastKnownFileType = file.xib; name = Base; path = Base.lproj/LaunchScreen.xib; sourceTree = "<group>"; };
		AEAB52E01B90E2E70088F2CE /* RoadTests.xctest */ = {isa = PBXFileReference; explicitFileType = wrapper.cfbundle; includeInIndex = 0; path = RoadTests.xctest; sourceTree = BUILT_PRODUCTS_DIR; };
		AEAB52E51B90E2E70088F2CE /* Info.plist */ = {isa = PBXFileReference; lastKnownFileType = text.plist.xml; path = Info.plist; sourceTree = "<group>"; };
		AEAB52E61B90E2E70088F2CE /* RoadTests.swift */ = {isa = PBXFileReference; lastKnownFileType = sourcecode.swift; path = RoadTests.swift; sourceTree = "<group>"; };
/* End PBXFileReference section */

/* Begin PBXFrameworksBuildPhase section */
		AEAB52C51B90E2E70088F2CE /* Frameworks */ = {
			isa = PBXFrameworksBuildPhase;
			buildActionMask = 2147483647;
			files = (
			);
			runOnlyForDeploymentPostprocessing = 0;
		};
		AEAB52DD1B90E2E70088F2CE /* Frameworks */ = {
			isa = PBXFrameworksBuildPhase;
			buildActionMask = 2147483647;
			files = (
			);
			runOnlyForDeploymentPostprocessing = 0;
		};
/* End PBXFrameworksBuildPhase section */

/* Begin PBXGroup section */
		AEAB52BF1B90E2E70088F2CE = {
			isa = PBXGroup;
			children = (
				AEAB52CA1B90E2E70088F2CE /* Road */,
				AEAB52E31B90E2E70088F2CE /* RoadTests */,
				AEAB52C91B90E2E70088F2CE /* Products */,
			);
			sourceTree = "<group>";
		};
		AEAB52C91B90E2E70088F2CE /* Products */ = {
			isa = PBXGroup;
			children = (
				AEAB52C81B90E2E70088F2CE /* Road.app */,
				AEAB52E01B90E2E70088F2CE /* RoadTests.xctest */,
			);
			name = Products;
			sourceTree = "<group>";
		};
		AEAB52CA1B90E2E70088F2CE /* Road */ = {
			isa = PBXGroup;
			children = (
				AEAB52CD1B90E2E70088F2CE /* AppDelegate.swift */,
				AEAB52D21B90E2E70088F2CE /* ViewController.swift */,
				AEAB52D71B90E2E70088F2CE /* Images.xcassets */,
				AEAB52D91B90E2E70088F2CE /* LaunchScreen.xib */,
				AEAB52CF1B90E2E70088F2CE /* Road.xcdatamodeld */,
				AEAB52CB1B90E2E70088F2CE /* Supporting Files */,
			);
			path = Road;
			sourceTree = "<group>";
		};
		AEAB52CB1B90E2E70088F2CE /* Supporting Files */ = {
			isa = PBXGroup;
			children = (
				AEAB52CC1B90E2E70088F2CE /* Info.plist */,
			);
			name = "Supporting Files";
			sourceTree = "<group>";
		};
		AEAB52E31B90E2E70088F2CE /* RoadTests */ = {
			isa = PBXGroup;
			children = (
				AEAB52E61B90E2E70088F2CE /* RoadTests.swift */,
				AEAB52E41B90E2E70088F2CE /* Supporting Files */,
			);
			path = RoadTests;
			sourceTree = "<group>";
		};
		AEAB52E41B90E2E70088F2CE /* Supporting Files */ = {
			isa = PBXGroup;
			children = (
				AEAB52E51B90E2E70088F2CE /* Info.plist */,
			);
			name = "Supporting Files";
			sourceTree = "<group>";
		};
/* End PBXGroup section */

/* Begin PBXNativeTarget section */
		AEAB52C71B90E2E70088F2CE /* Road */ = {
			isa = PBXNativeTarget;
			buildConfigurationList = AEAB52EA1B90E2E70088F2CE /* Build configuration list for PBXNativeTarget "Road" */;
			buildPhases = (
				AEAB52C41B90E2E70088F2CE /* Sources */,
				AEAB52C51B90E2E70088F2CE /* Frameworks */,
				AEAB52C61B90E2E70088F2CE /* Resources */,
			);
			buildRules = (
			);
			dependencies = (
			);
			name = Road;
			productName = Road;
			productReference = AEAB52C81B90E2E70088F2CE /* Road.app */;
			productType = "com.apple.product-type.application";
		};
		AEAB52DF1B90E2E70088F2CE /* RoadTests */ = {
			isa = PBXNativeTarget;
			buildConfigurationList = AEAB52ED1B90E2E70088F2CE /* Build configuration list for PBXNativeTarget "RoadTests" */;
			buildPhases = (
				AEAB52DC1B90E2E70088F2CE /* Sources */,
				AEAB52DD1B90E2E70088F2CE /* Frameworks */,
				AEAB52DE1B90E2E70088F2CE /* Resources */,
			);
			buildRules = (
			);
			dependencies = (
				AEAB52E21B90E2E70088F2CE /* PBXTargetDependency */,
			);
			name = RoadTests;
			productName = RoadTests;
			productReference = AEAB52E01B90E2E70088F2CE /* RoadTests.xctest */;
			productType = "com.apple.product-type.bundle.unit-test";
		};
/* End PBXNativeTarget section */

/* Begin PBXProject section */
		AEAB52C01B90E2E70088F2CE /* Project object */ = {
			isa = PBXProject;
			attributes = {
				LastUpgradeCheck = 0640;
				ORGANIZATIONNAME = yeg;
				TargetAttributes = {
					AEAB52C71B90E2E70088F2CE = {
						CreatedOnToolsVersion = 6.4;
					};
					AEAB52DF1B90E2E70088F2CE = {
						CreatedOnToolsVersion = 6.4;
						TestTargetID = AEAB52C71B90E2E70088F2CE;
					};
				};
			};
			buildConfigurationList = AEAB52C31B90E2E70088F2CE /* Build configuration list for PBXProject "Road" */;
			compatibilityVersion = "Xcode 3.2";
			developmentRegion = English;
			hasScannedForEncodings = 0;
			knownRegions = (
				en,
				Base,
			);
			mainGroup = AEAB52BF1B90E2E70088F2CE;
			productRefGroup = AEAB52C91B90E2E70088F2CE /* Products */;
			projectDirPath = "";
			projectRoot = "";
			targets = (
				AEAB52C71B90E2E70088F2CE /* Road */,
				AEAB52DF1B90E2E70088F2CE /* RoadTests */,
			);
		};
/* End PBXProject section */

/* Begin PBXResourcesBuildPhase section */
		AEAB52C61B90E2E70088F2CE /* Resources */ = {
			isa = PBXResourcesBuildPhase;
			buildActionMask = 2147483647;
			files = (
				AEAB52DB1B90E2E70088F2CE /* LaunchScreen.xib in Resources */,
				AEAB52D81B90E2E70088F2CE /* Images.xcassets in Resources */,
			);
			runOnlyForDeploymentPostprocessing = 0;
		};
		AEAB52DE1B90E2E70088F2CE /* Resources */ = {
			isa = PBXResourcesBuildPhase;
			buildActionMask = 2147483647;
			files = (
			);
			runOnlyForDeploymentPostprocessing = 0;
		};
/* End PBXResourcesBuildPhase section */

/* Begin PBXSourcesBuildPhase section */
		AEAB52C41B90E2E70088F2CE /* Sources */ = {
			isa = PBXSourcesBuildPhase;
			buildActionMask = 2147483647;
			files = (
				AEAB52D31B90E2E70088F2CE /* ViewController.swift in Sources */,
				AEAB52CE1B90E2E70088F2CE /* AppDelegate.swift in Sources */,
				AEAB52D11B90E2E70088F2CE /* Road.xcdatamodeld in Sources */,
			);
			runOnlyForDeploymentPostprocessing = 0;
		};
		AEAB52DC1B90E2E70088F2CE /* Sources */ = {
			isa = PBXSourcesBuildPhase;
			buildActionMask = 2147483647;
			files = (
				AEAB52E71B90E2E70088F2CE /* RoadTests.swift in Sources */,
			);
			runOnlyForDeploymentPostprocessing = 0;
		};
/* End PBXSourcesBuildPhase section */

/* Begin PBXTargetDependency section */
		AEAB52E21B90E2E70088F2CE /* PBXTargetDependency */ = {
			isa = PBXTargetDependency;
			target = AEAB52C71B90E2E70088F2CE /* Road */;
			targetProxy = AEAB52E11B90E2E70088F2CE /* PBXContainerItemProxy */;
		};
/* End PBXTargetDependency section */

/* Begin PBXVariantGroup section */
		AEAB52D91B90E2E70088F2CE /* LaunchScreen.xib */ = {
			isa = PBXVariantGroup;
			children = (
				AEAB52DA1B90E2E70088F2CE /* Base */,
			);
			name = LaunchScreen.xib;
			sourceTree = "<group>";
		};
/* End PBXVariantGroup section */

/* Begin XCBuildConfiguration section */
		AEAB52E81B90E2E70088F2CE /* Debug */ = {
			isa = XCBuildConfiguration;
			buildSettings = {
				ALWAYS_SEARCH_USER_PATHS = NO;
				CLANG_CXX_LANGUAGE_STANDARD = "gnu++0x";
				CLANG_CXX_LIBRARY = "libc++";
				CLANG_ENABLE_MODULES = YES;
				CLANG_ENABLE_OBJC_ARC = YES;
				CLANG_WARN_BOOL_CONVERSION = YES;
				CLANG_WARN_CONSTANT_CONVERSION = YES;
				CLANG_WARN_DIRECT_OBJC_ISA_USAGE = YES_ERROR;
				CLANG_WARN_EMPTY_BODY = YES;
				CLANG_WARN_ENUM_CONVERSION = YES;
				CLANG_WARN_INT_CONVERSION = YES;
				CLANG_WARN_OBJC_ROOT_CLASS = YES_ERROR;
				CLANG_WARN_UNREACHABLE_CODE = YES;
				CLANG_WARN__DUPLICATE_METHOD_MATCH = YES;
				"CODE_SIGN_IDENTITY[sdk=iphoneos*]" = "iPhone Developer";
				COPY_PHASE_STRIP = NO;
				DEBUG_INFORMATION_FORMAT = "dwarf-with-dsym";
				ENABLE_STRICT_OBJC_MSGSEND = YES;
				GCC_C_LANGUAGE_STANDARD = gnu99;
				GCC_DYNAMIC_NO_PIC = NO;
				GCC_NO_COMMON_BLOCKS = YES;
				GCC_OPTIMIZATION_LEVEL = 0;
				GCC_PREPROCESSOR_DEFINITIONS = (
					"DEBUG=1",
					"$(inherited)",
				);
				GCC_SYMBOLS_PRIVATE_EXTERN = NO;
				GCC_WARN_64_TO_32_BIT_CONVERSION = YES;
				GCC_WARN_ABOUT_RETURN_TYPE = YES_ERROR;
				GCC_WARN_UNDECLARED_SELECTOR = YES;
				GCC_WARN_UNINITIALIZED_AUTOS = YES_AGGRESSIVE;
				GCC_WARN_UNUSED_FUNCTION = YES;
				GCC_WARN_UNUSED_VARIABLE = YES;
				IPHONEOS_DEPLOYMENT_TARGET = 8.4;
				MTL_ENABLE_DEBUG_INFO = YES;
				ONLY_ACTIVE_ARCH = YES;
				SDKROOT = iphoneos;
				SWIFT_OPTIMIZATION_LEVEL = "-Onone";
			};
			name = Debug;
		};
		AEAB52E91B90E2E70088F2CE /* Release */ = {
			isa = XCBuildConfiguration;
			buildSettings = {
				ALWAYS_SEARCH_USER_PATHS = NO;
				CLANG_CXX_LANGUAGE_STANDARD = "gnu++0x";
				CLANG_CXX_LIBRARY = "libc++";
				CLANG_ENABLE_MODULES = YES;
				CLANG_ENABLE_OBJC_ARC = YES;
				CLANG_WARN_BOOL_CONVERSION = YES;
				CLANG_WARN_CONSTANT_CONVERSION = YES;
				CLANG_WARN_DIRECT_OBJC_ISA_USAGE = YES_ERROR;
				CLANG_WARN_EMPTY_BODY = YES;
				CLANG_WARN_ENUM_CONVERSION = YES;
				CLANG_WARN_INT_CONVERSION = YES;
				CLANG_WARN_OBJC_ROOT_CLASS = YES_ERROR;
				CLANG_WARN_UNREACHABLE_CODE = YES;
				CLANG_WARN__DUPLICATE_METHOD_MATCH = YES;
				"CODE_SIGN_IDENTITY[sdk=iphoneos*]" = "iPhone Developer";
				COPY_PHASE_STRIP = NO;
				DEBUG_INFORMATION_FORMAT = "dwarf-with-dsym";
				ENABLE_NS_ASSERTIONS = NO;
				ENABLE_STRICT_OBJC_MSGSEND = YES;
				GCC_C_LANGUAGE_STANDARD = gnu99;
				GCC_NO_COMMON_BLOCKS = YES;
				GCC_WARN_64_TO_32_BIT_CONVERSION = YES;
				GCC_WARN_ABOUT_RETURN_TYPE = YES_ERROR;
				GCC_WARN_UNDECLARED_SELECTOR = YES;
				GCC_WARN_UNINITIALIZED_AUTOS = YES_AGGRESSIVE;
				GCC_WARN_UNUSED_FUNCTION = YES;
				GCC_WARN_UNUSED_VARIABLE = YES;
				IPHONEOS_DEPLOYMENT_TARGET = 8.4;
				MTL_ENABLE_DEBUG_INFO = NO;
				SDKROOT = iphoneos;
				VALIDATE_PRODUCT = YES;
			};
			name = Release;
		};
		AEAB52EB1B90E2E70088F2CE /* Debug */ = {
			isa = XCBuildConfiguration;
			buildSettings = {
				ASSETCATALOG_COMPILER_APPICON_NAME = AppIcon;
				INFOPLIST_FILE = Road/Info.plist;
				IPHONEOS_DEPLOYMENT_TARGET = 8.0;
				LD_RUNPATH_SEARCH_PATHS = "$(inherited) @executable_path/Frameworks";
				PRODUCT_NAME = "$(TARGET_NAME)";
			};
			name = Debug;
		};
		AEAB52EC1B90E2E70088F2CE /* Release */ = {
			isa = XCBuildConfiguration;
			buildSettings = {
				ASSETCATALOG_COMPILER_APPICON_NAME = AppIcon;
				INFOPLIST_FILE = Road/Info.plist;
				IPHONEOS_DEPLOYMENT_TARGET = 8.0;
				LD_RUNPATH_SEARCH_PATHS = "$(inherited) @executable_path/Frameworks";
				PRODUCT_NAME = "$(TARGET_NAME)";
			};
			name = Release;
		};
		AEAB52EE1B90E2E70088F2CE /* Debug */ = {
			isa = XCBuildConfiguration;
			buildSettings = {
				BUNDLE_LOADER = "$(TEST_HOST)";
				FRAMEWORK_SEARCH_PATHS = (
					"$(SDKROOT)/Developer/Library/Frameworks",
					"$(inherited)",
				);
				GCC_PREPROCESSOR_DEFINITIONS = (
					"DEBUG=1",
					"$(inherited)",
				);
				INFOPLIST_FILE = RoadTests/Info.plist;
				LD_RUNPATH_SEARCH_PATHS = "$(inherited) @executable_path/Frameworks @loader_path/Frameworks";
				PRODUCT_NAME = "$(TARGET_NAME)";
				TEST_HOST = "$(BUILT_PRODUCTS_DIR)/Road.app/Road";
			};
			name = Debug;
		};
		AEAB52EF1B90E2E70088F2CE /* Release */ = {
			isa = XCBuildConfiguration;
			buildSettings = {
				BUNDLE_LOADER = "$(TEST_HOST)";
				FRAMEWORK_SEARCH_PATHS = (
					"$(SDKROOT)/Developer/Library/Frameworks",
					"$(inherited)",
				);
				INFOPLIST_FILE = RoadTests/Info.plist;
				LD_RUNPATH_SEARCH_PATHS = "$(inherited) @executable_path/Frameworks @loader_path/Frameworks";
				PRODUCT_NAME = "$(TARGET_NAME)";
				TEST_HOST = "$(BUILT_PRODUCTS_DIR)/Road.app/Road";
			};
			name = Release;
		};
/* End XCBuildConfiguration section */

/* Begin XCConfigurationList section */
		AEAB52C31B90E2E70088F2CE /* Build configuration list for PBXProject "Road" */ = {
			isa = XCConfigurationList;
			buildConfigurations = (
				AEAB52E81B90E2E70088F2CE /* Debug */,
				AEAB52E91B90E2E70088F2CE /* Release */,
			);
			defaultConfigurationIsVisible = 0;
			defaultConfigurationName = Release;
		};
		AEAB52EA1B90E2E70088F2CE /* Build configuration list for PBXNativeTarget "Road" */ = {
			isa = XCConfigurationList;
			buildConfigurations = (
				AEAB52EB1B90E2E70088F2CE /* Debug */,
				AEAB52EC1B90E2E70088F2CE /* Release */,
			);
			defaultConfigurationIsVisible = 0;
		};
		AEAB52ED1B90E2E70088F2CE /* Build configuration list for PBXNativeTarget "RoadTests" */ = {
			isa = XCConfigurationList;
			buildConfigurations = (
				AEAB52EE1B90E2E70088F2CE /* Debug */,
				AEAB52EF1B90E2E70088F2CE /* Release */,
			);
			defaultConfigurationIsVisible = 0;
		};
/* End XCConfigurationList section */

/* Begin XCVersionGroup section */
		AEAB52CF1B90E2E70088F2CE /* Road.xcdatamodeld */ = {
			isa = XCVersionGroup;
			children = (
				AEAB52D01B90E2E70088F2CE /* Road.xcdatamodel */,
			);
			currentVersion = AEAB52D01B90E2E70088F2CE /* Road.xcdatamodel */;
			path = Road.xcdatamodeld;
			sourceTree = "<group>";
			versionGroupType = wrapper.xcdatamodel;
		};
/* End XCVersionGroup section */
	};
	rootObject = AEAB52C01B90E2E70088F2CE /* Project object */;
}
